
Microsoft Visual Studio Solution File, Format Version 12.00
# Visual Studio Version 16
VisualStudioVersion = 16.0.31424.327
MinimumVisualStudioVersion = 10.0.40219.1
Project("{FAE04EC0-301F-11D3-BF4B-00C04F79EFBC}") = "IndianStateCensusProblem", "IndianStateCensusProblem\IndianStateCensusProblem.csproj", "{13961BB1-BE3F-46BD-B671-7B255BAAA480}"
EndProject
Project("{FAE04EC0-301F-11D3-BF4B-00C04F79EFBC}") = "IndianStatesCensusTestProject", "IndianStatesCensusTestProject\IndianStatesCensusTestProject.csproj", "{44FFE243-4CA0-49F7-8EE2-10901173D628}"
EndProject
Global
	GlobalSection(SolutionConfigurationPlatforms) = preSolution
		Debug|Any CPU = Debug|Any CPU
		Release|Any CPU = Release|Any CPU
	EndGlobalSection
	GlobalSection(ProjectConfigurationPlatforms) = postSolution
		{13961BB1-BE3F-46BD-B671-7B255BAAA480}.Debug|Any CPU.ActiveCfg = Debug|Any CPU
		{13961BB1-BE3F-46BD-B671-7B255BAAA480}.Debug|Any CPU.Build.0 = Debug|Any CPU
		{13961BB1-BE3F-46BD-B671-7B255BAAA480}.Release|Any CPU.ActiveCfg = Release|Any CPU
		{13961BB1-BE3F-46BD-B671-7B255BAAA480}.Release|Any CPU.Build.0 = Release|Any CPU
		{44FFE243-4CA0-49F7-8EE2-10901173D628}.Debug|Any CPU.ActiveCfg = Debug|Any CPU
		{44FFE243-4CA0-49F7-8EE2-10901173D628}.Debug|Any CPU.Build.0 = Debug|Any CPU
		{44FFE243-4CA0-49F7-8EE2-10901173D628}.Release|Any CPU.ActiveCfg = Release|Any CPU
		{44FFE243-4CA0-49F7-8EE2-10901173D628}.Release|Any CPU.Build.0 = Release|Any CPU
	EndGlobalSection
	GlobalSection(SolutionProperties) = preSolution
		HideSolutionNode = FALSE
	EndGlobalSection
	GlobalSection(ExtensibilityGlobals) = postSolution
		SolutionGuid = {4DC1D2F3-5533-482B-BC2A-ABC7FFFA0189}
	EndGlobalSection
EndGlobal
